// !$*UTF8*$!
{
	archiveVersion = 1;
	classes = {
	};
	objectVersion = 46;
	objects = {

/* Begin PBXBuildFile section */
		5A8714511E2BF613005189DE /* AppDelegate.swift in Sources */ = {isa = PBXBuildFile; fileRef = 5A8714501E2BF613005189DE /* AppDelegate.swift */; };
		5A8714531E2BF613005189DE /* GameScene.sks in Resources */ = {isa = PBXBuildFile; fileRef = 5A8714521E2BF613005189DE /* GameScene.sks */; };
		5A8714571E2BF613005189DE /* GameScene.swift in Sources */ = {isa = PBXBuildFile; fileRef = 5A8714561E2BF613005189DE /* GameScene.swift */; };
		5A8714591E2BF613005189DE /* GameViewController.swift in Sources */ = {isa = PBXBuildFile; fileRef = 5A8714581E2BF613005189DE /* GameViewController.swift */; };
		5A87145C1E2BF613005189DE /* Main.storyboard in Resources */ = {isa = PBXBuildFile; fileRef = 5A87145A1E2BF613005189DE /* Main.storyboard */; };
		5A87145E1E2BF613005189DE /* Assets.xcassets in Resources */ = {isa = PBXBuildFile; fileRef = 5A87145D1E2BF613005189DE /* Assets.xcassets */; };
		5A8714611E2BF613005189DE /* LaunchScreen.storyboard in Resources */ = {isa = PBXBuildFile; fileRef = 5A87145F1E2BF613005189DE /* LaunchScreen.storyboard */; };
		5A8714751E2BF688005189DE /* ball.png in Resources */ = {isa = PBXBuildFile; fileRef = 5A8714691E2BF688005189DE /* ball.png */; };
		5A8714761E2BF688005189DE /* ball@2x.png in Resources */ = {isa = PBXBuildFile; fileRef = 5A87146A1E2BF688005189DE /* ball@2x.png */; };
		5A8714771E2BF688005189DE /* bigSpark.png in Resources */ = {isa = PBXBuildFile; fileRef = 5A87146B1E2BF688005189DE /* bigSpark.png */; };
		5A8714781E2BF688005189DE /* explosion.sks in Resources */ = {isa = PBXBuildFile; fileRef = 5A87146C1E2BF688005189DE /* explosion.sks */; };
		5A8714791E2BF688005189DE /* hammer.png in Resources */ = {isa = PBXBuildFile; fileRef = 5A87146D1E2BF688005189DE /* hammer.png */; };
		5A87147A1E2BF688005189DE /* hammer@2x.png in Resources */ = {isa = PBXBuildFile; fileRef = 5A87146E1E2BF688005189DE /* hammer@2x.png */; };
		5A87147B1E2BF688005189DE /* player.png in Resources */ = {isa = PBXBuildFile; fileRef = 5A87146F1E2BF688005189DE /* player.png */; };
		5A87147C1E2BF688005189DE /* player@2x.png in Resources */ = {isa = PBXBuildFile; fileRef = 5A8714701E2BF688005189DE /* player@2x.png */; };
		5A87147D1E2BF688005189DE /* spark.png in Resources */ = {isa = PBXBuildFile; fileRef = 5A8714711E2BF688005189DE /* spark.png */; };
		5A87147E1E2BF688005189DE /* Starfield.sks in Resources */ = {isa = PBXBuildFile; fileRef = 5A8714721E2BF688005189DE /* Starfield.sks */; };
		5A87147F1E2BF688005189DE /* tv.png in Resources */ = {isa = PBXBuildFile; fileRef = 5A8714731E2BF688005189DE /* tv.png */; };
		5A8714801E2BF688005189DE /* tv@2x.png in Resources */ = {isa = PBXBuildFile; fileRef = 5A8714741E2BF688005189DE /* tv@2x.png */; };
/* End PBXBuildFile section */

/* Begin PBXFileReference section */
		5A87144D1E2BF613005189DE /* SpaceRace.app */ = {isa = PBXFileReference; explicitFileType = wrapper.application; includeInIndex = 0; path = SpaceRace.app; sourceTree = BUILT_PRODUCTS_DIR; };
		5A8714501E2BF613005189DE /* AppDelegate.swift */ = {isa = PBXFileReference; lastKnownFileType = sourcecode.swift; path = AppDelegate.swift; sourceTree = "<group>"; };
		5A8714521E2BF613005189DE /* GameScene.sks */ = {isa = PBXFileReference; lastKnownFileType = file.sks; path = GameScene.sks; sourceTree = "<group>"; };
		5A8714561E2BF613005189DE /* GameScene.swift */ = {isa = PBXFileReference; lastKnownFileType = sourcecode.swift; path = GameScene.swift; sourceTree = "<group>"; };
		5A8714581E2BF613005189DE /* GameViewController.swift */ = {isa = PBXFileReference; lastKnownFileType = sourcecode.swift; path = GameViewController.swift; sourceTree = "<group>"; };
		5A87145B1E2BF613005189DE /* Base */ = {isa = PBXFileReference; lastKnownFileType = file.storyboard; name = Base; path = Base.lproj/Main.storyboard; sourceTree = "<group>"; };
		5A87145D1E2BF613005189DE /* Assets.xcassets */ = {isa = PBXFileReference; lastKnownFileType = folder.assetcatalog; path = Assets.xcassets; sourceTree = "<group>"; };
		5A8714601E2BF613005189DE /* Base */ = {isa = PBXFileReference; lastKnownFileType = file.storyboard; name = Base; path = Base.lproj/LaunchScreen.storyboard; sourceTree = "<group>"; };
		5A8714621E2BF613005189DE /* Info.plist */ = {isa = PBXFileReference; lastKnownFileType = text.plist.xml; path = Info.plist; sourceTree = "<group>"; };
		5A8714691E2BF688005189DE /* ball.png */ = {isa = PBXFileReference; lastKnownFileType = image.png; path = ball.png; sourceTree = "<group>"; };
		5A87146A1E2BF688005189DE /* ball@2x.png */ = {isa = PBXFileReference; lastKnownFileType = image.png; path = "ball@2x.png"; sourceTree = "<group>"; };
		5A87146B1E2BF688005189DE /* bigSpark.png */ = {isa = PBXFileReference; lastKnownFileType = image.png; path = bigSpark.png; sourceTree = "<group>"; };
		5A87146C1E2BF688005189DE /* explosion.sks */ = {isa = PBXFileReference; lastKnownFileType = file.sks; path = explosion.sks; sourceTree = "<group>"; };
		5A87146D1E2BF688005189DE /* hammer.png */ = {isa = PBXFileReference; lastKnownFileType = image.png; path = hammer.png; sourceTree = "<group>"; };
		5A87146E1E2BF688005189DE /* hammer@2x.png */ = {isa = PBXFileReference; lastKnownFileType = image.png; path = "hammer@2x.png"; sourceTree = "<group>"; };
		5A87146F1E2BF688005189DE /* player.png */ = {isa = PBXFileReference; lastKnownFileType = image.png; path = player.png; sourceTree = "<group>"; };
		5A8714701E2BF688005189DE /* player@2x.png */ = {isa = PBXFileReference; lastKnownFileType = image.png; path = "player@2x.png"; sourceTree = "<group>"; };
		5A8714711E2BF688005189DE /* spark.png */ = {isa = PBXFileReference; lastKnownFileType = image.png; path = spark.png; sourceTree = "<group>"; };
		5A8714721E2BF688005189DE /* Starfield.sks */ = {isa = PBXFileReference; lastKnownFileType = file.sks; path = Starfield.sks; sourceTree = "<group>"; };
		5A8714731E2BF688005189DE /* tv.png */ = {isa = PBXFileReference; lastKnownFileType = image.png; path = tv.png; sourceTree = "<group>"; };
		5A8714741E2BF688005189DE /* tv@2x.png */ = {isa = PBXFileReference; lastKnownFileType = image.png; path = "tv@2x.png"; sourceTree = "<group>"; };
/* End PBXFileReference section */

/* Begin PBXFrameworksBuildPhase section */
		5A87144A1E2BF613005189DE /* Frameworks */ = {
			isa = PBXFrameworksBuildPhase;
			buildActionMask = 2147483647;
			files = (
			);
			runOnlyForDeploymentPostprocessing = 0;
		};
/* End PBXFrameworksBuildPhase section */

/* Begin PBXGroup section */
		5A8714441E2BF613005189DE = {
			isa = PBXGroup;
			children = (
				5A87144F1E2BF613005189DE /* SpaceRace */,
				5A87144E1E2BF613005189DE /* Products */,
			);
			sourceTree = "<group>";
		};
		5A87144E1E2BF613005189DE /* Products */ = {
			isa = PBXGroup;
			children = (
				5A87144D1E2BF613005189DE /* SpaceRace.app */,
			);
			name = Products;
			sourceTree = "<group>";
		};
		5A87144F1E2BF613005189DE /* SpaceRace */ = {
			isa = PBXGroup;
			children = (
				5A8714501E2BF613005189DE /* AppDelegate.swift */,
				5A8714521E2BF613005189DE /* GameScene.sks */,
				5A8714561E2BF613005189DE /* GameScene.swift */,
				5A8714581E2BF613005189DE /* GameViewController.swift */,
				5A8714681E2BF688005189DE /* Content */,
				5A87145A1E2BF613005189DE /* Main.storyboard */,
				5A87145D1E2BF613005189DE /* Assets.xcassets */,
				5A87145F1E2BF613005189DE /* LaunchScreen.storyboard */,
				5A8714621E2BF613005189DE /* Info.plist */,
			);
			path = SpaceRace;
			sourceTree = "<group>";
		};
		5A8714681E2BF688005189DE /* Content */ = {
			isa = PBXGroup;
			children = (
				5A8714691E2BF688005189DE /* ball.png */,
				5A87146A1E2BF688005189DE /* ball@2x.png */,
				5A87146B1E2BF688005189DE /* bigSpark.png */,
				5A87146C1E2BF688005189DE /* explosion.sks */,
				5A87146D1E2BF688005189DE /* hammer.png */,
				5A87146E1E2BF688005189DE /* hammer@2x.png */,
				5A87146F1E2BF688005189DE /* player.png */,
				5A8714701E2BF688005189DE /* player@2x.png */,
				5A8714711E2BF688005189DE /* spark.png */,
				5A8714721E2BF688005189DE /* Starfield.sks */,
				5A8714731E2BF688005189DE /* tv.png */,
				5A8714741E2BF688005189DE /* tv@2x.png */,
			);
			path = Content;
			sourceTree = "<group>";
		};
/* End PBXGroup section */

/* Begin PBXNativeTarget section */
		5A87144C1E2BF613005189DE /* SpaceRace */ = {
			isa = PBXNativeTarget;
			buildConfigurationList = 5A8714651E2BF613005189DE /* Build configuration list for PBXNativeTarget "SpaceRace" */;
			buildPhases = (
				5A8714491E2BF613005189DE /* Sources */,
				5A87144A1E2BF613005189DE /* Frameworks */,
				5A87144B1E2BF613005189DE /* Resources */,
			);
			buildRules = (
			);
			dependencies = (
			);
			name = SpaceRace;
			productName = SpaceRace;
			productReference = 5A87144D1E2BF613005189DE /* SpaceRace.app */;
			productType = "com.apple.product-type.application";
		};
/* End PBXNativeTarget section */

/* Begin PBXProject section */
		5A8714451E2BF613005189DE /* Project object */ = {
			isa = PBXProject;
			attributes = {
				LastSwiftUpdateCheck = 0820;
				LastUpgradeCheck = 0820;
				ORGANIZATIONNAME = noahpatterson;
				TargetAttributes = {
					5A87144C1E2BF613005189DE = {
						CreatedOnToolsVersion = 8.2.1;
						DevelopmentTeam = L4U489Q2PR;
						ProvisioningStyle = Automatic;
					};
				};
			};
			buildConfigurationList = 5A8714481E2BF613005189DE /* Build configuration list for PBXProject "SpaceRace" */;
			compatibilityVersion = "Xcode 3.2";
			developmentRegion = English;
			hasScannedForEncodings = 0;
			knownRegions = (
				en,
				Base,
			);
			mainGroup = 5A8714441E2BF613005189DE;
			productRefGroup = 5A87144E1E2BF613005189DE /* Products */;
			projectDirPath = "";
			projectRoot = "";
			targets = (
				5A87144C1E2BF613005189DE /* SpaceRace */,
			);
		};
/* End PBXProject section */

/* Begin PBXResourcesBuildPhase section */
		5A87144B1E2BF613005189DE /* Resources */ = {
			isa = PBXResourcesBuildPhase;
			buildActionMask = 2147483647;
			files = (
				5A8714801E2BF688005189DE /* tv@2x.png in Resources */,
				5A87147E1E2BF688005189DE /* Starfield.sks in Resources */,
				5A87145C1E2BF613005189DE /* Main.storyboard in Resources */,
				5A87147B1E2BF688005189DE /* player.png in Resources */,
				5A8714771E2BF688005189DE /* bigSpark.png in Resources */,
				5A8714761E2BF688005189DE /* ball@2x.png in Resources */,
				5A87147F1E2BF688005189DE /* tv.png in Resources */,
				5A8714751E2BF688005189DE /* ball.png in Resources */,
				5A87147D1E2BF688005189DE /* spark.png in Resources */,
				5A87147A1E2BF688005189DE /* hammer@2x.png in Resources */,
				5A8714791E2BF688005189DE /* hammer.png in Resources */,
				5A87147C1E2BF688005189DE /* player@2x.png in Resources */,
				5A8714531E2BF613005189DE /* GameScene.sks in Resources */,
				5A8714781E2BF688005189DE /* explosion.sks in Resources */,
				5A87145E1E2BF613005189DE /* Assets.xcassets in Resources */,
				5A8714611E2BF613005189DE /* LaunchScreen.storyboard in Resources */,
			);
			runOnlyForDeploymentPostprocessing = 0;
		};
/* End PBXResourcesBuildPhase section */

/* Begin PBXSourcesBuildPhase section */
		5A8714491E2BF613005189DE /* Sources */ = {
			isa = PBXSourcesBuildPhase;
			buildActionMask = 2147483647;
			files = (
				5A8714571E2BF613005189DE /* GameScene.swift in Sources */,
				5A8714591E2BF613005189DE /* GameViewController.swift in Sources */,
				5A8714511E2BF613005189DE /* AppDelegate.swift in Sources */,
			);
			runOnlyForDeploymentPostprocessing = 0;
		};
/* End PBXSourcesBuildPhase section */

/* Begin PBXVariantGroup section */
		5A87145A1E2BF613005189DE /* Main.storyboard */ = {
			isa = PBXVariantGroup;
			children = (
				5A87145B1E2BF613005189DE /* Base */,
			);
			name = Main.storyboard;
			sourceTree = "<group>";
		};
		5A87145F1E2BF613005189DE /* LaunchScreen.storyboard */ = {
			isa = PBXVariantGroup;
			children = (
				5A8714601E2BF613005189DE /* Base */,
			);
			name = LaunchScreen.storyboard;
			sourceTree = "<group>";
		};
/* End PBXVariantGroup section */

/* Begin XCBuildConfiguration section */
		5A8714631E2BF613005189DE /* Debug */ = {
			isa = XCBuildConfiguration;
			buildSettings = {
				ALWAYS_SEARCH_USER_PATHS = NO;
				CLANG_ANALYZER_NONNULL = YES;
				CLANG_CXX_LANGUAGE_STANDARD = "gnu++0x";
				CLANG_CXX_LIBRARY = "libc++";
				CLANG_ENABLE_MODULES = YES;
				CLANG_ENABLE_OBJC_ARC = YES;
				CLANG_WARN_BOOL_CONVERSION = YES;
				CLANG_WARN_CONSTANT_CONVERSION = YES;
				CLANG_WARN_DIRECT_OBJC_ISA_USAGE = YES_ERROR;
				CLANG_WARN_DOCUMENTATION_COMMENTS = YES;
				CLANG_WARN_EMPTY_BODY = YES;
				CLANG_WARN_ENUM_CONVERSION = YES;
				CLANG_WARN_INFINITE_RECURSION = YES;
				CLANG_WARN_INT_CONVERSION = YES;
				CLANG_WARN_OBJC_ROOT_CLASS = YES_ERROR;
				CLANG_WARN_SUSPICIOUS_MOVE = YES;
				CLANG_WARN_UNREACHABLE_CODE = YES;
				CLANG_WARN__DUPLICATE_METHOD_MATCH = YES;
				"CODE_SIGN_IDENTITY[sdk=iphoneos*]" = "iPhone Developer";
				COPY_PHASE_STRIP = NO;
				DEBUG_INFORMATION_FORMAT = dwarf;
				ENABLE_STRICT_OBJC_MSGSEND = YES;
				ENABLE_TESTABILITY = YES;
				GCC_C_LANGUAGE_STANDARD = gnu99;
				GCC_DYNAMIC_NO_PIC = NO;
				GCC_NO_COMMON_BLOCKS = YES;
				GCC_OPTIMIZATION_LEVEL = 0;
				GCC_PREPROCESSOR_DEFINITIONS = (
					"DEBUG=1",
					"$(inherited)",
				);
				GCC_WARN_64_TO_32_BIT_CONVERSION = YES;
				GCC_WARN_ABOUT_RETURN_TYPE = YES_ERROR;
				GCC_WARN_UNDECLARED_SELECTOR = YES;
				GCC_WARN_UNINITIALIZED_AUTOS = YES_AGGRESSIVE;
				GCC_WARN_UNUSED_FUNCTION = YES;
				GCC_WARN_UNUSED_VARIABLE = YES;
				IPHONEOS_DEPLOYMENT_TARGET = 10.2;
				MTL_ENABLE_DEBUG_INFO = YES;
				ONLY_ACTIVE_ARCH = YES;
				SDKROOT = iphoneos;
				SWIFT_ACTIVE_COMPILATION_CONDITIONS = DEBUG;
				SWIFT_OPTIMIZATION_LEVEL = "-Onone";
				TARGETED_DEVICE_FAMILY = 2;
			};
			name = Debug;
		};
		5A8714641E2BF613005189DE /* Release */ = {
			isa = XCBuildConfiguration;
			buildSettings = {
				ALWAYS_SEARCH_USER_PATHS = NO;
				CLANG_ANALYZER_NONNULL = YES;
				CLANG_CXX_LANGUAGE_STANDARD = "gnu++0x";
				CLANG_CXX_LIBRARY = "libc++";
				CLANG_ENABLE_MODULES = YES;
				CLANG_ENABLE_OBJC_ARC = YES;
				CLANG_WARN_BOOL_CONVERSION = YES;
				CLANG_WARN_CONSTANT_CONVERSION = YES;
				CLANG_WARN_DIRECT_OBJC_ISA_USAGE = YES_ERROR;
				CLANG_WARN_DOCUMENTATION_COMMENTS = YES;
				CLANG_WARN_EMPTY_BODY = YES;
				CLANG_WARN_ENUM_CONVERSION = YES;
				CLANG_WARN_INFINITE_RECURSION = YES;
				CLANG_WARN_INT_CONVERSION = YES;
				CLANG_WARN_OBJC_ROOT_CLASS = YES_ERROR;
				CLANG_WARN_SUSPICIOUS_MOVE = YES;
				CLANG_WARN_UNREACHABLE_CODE = YES;
				CLANG_WARN__DUPLICATE_METHOD_MATCH = YES;
				"CODE_SIGN_IDENTITY[sdk=iphoneos*]" = "iPhone Developer";
				COPY_PHASE_STRIP = NO;
				DEBUG_INFORMATION_FORMAT = "dwarf-with-dsym";
				ENABLE_NS_ASSERTIONS = NO;
				ENABLE_STRICT_OBJC_MSGSEND = YES;
				GCC_C_LANGUAGE_STANDARD = gnu99;
				GCC_NO_COMMON_BLOCKS = YES;
				GCC_WARN_64_TO_32_BIT_CONVERSION = YES;
				GCC_WARN_ABOUT_RETURN_TYPE = YES_ERROR;
				GCC_WARN_UNDECLARED_SELECTOR = YES;
				GCC_WARN_UNINITIALIZED_AUTOS = YES_AGGRESSIVE;
				GCC_WARN_UNUSED_FUNCTION = YES;
				GCC_WARN_UNUSED_VARIABLE = YES;
				IPHONEOS_DEPLOYMENT_TARGET = 10.2;
				MTL_ENABLE_DEBUG_INFO = NO;
				SDKROOT = iphoneos;
				SWIFT_OPTIMIZATION_LEVEL = "-Owholemodule";
				TARGETED_DEVICE_FAMILY = 2;
				VALIDATE_PRODUCT = YES;
			};
			name = Release;
		};
		5A8714661E2BF613005189DE /* Debug */ = {
			isa = XCBuildConfiguration;
			buildSettings = {
				ASSETCATALOG_COMPILER_APPICON_NAME = AppIcon;
				DEVELOPMENT_TEAM = L4U489Q2PR;
				INFOPLIST_FILE = SpaceRace/Info.plist;
				LD_RUNPATH_SEARCH_PATHS = "$(inherited) @executable_path/Frameworks";
				PRODUCT_BUNDLE_IDENTIFIER = me.noahpatterson.SpaceRace;
				PRODUCT_NAME = "$(TARGET_NAME)";
				SWIFT_VERSION = 3.0;
			};
			name = Debug;
		};
		5A8714671E2BF613005189DE /* Release */ = {
			isa = XCBuildConfiguration;
			buildSettings = {
				ASSETCATALOG_COMPILER_APPICON_NAME = AppIcon;
				DEVELOPMENT_TEAM = L4U489Q2PR;
				INFOPLIST_FILE = SpaceRace/Info.plist;
				LD_RUNPATH_SEARCH_PATHS = "$(inherited) @executable_path/Frameworks";
				PRODUCT_BUNDLE_IDENTIFIER = me.noahpatterson.SpaceRace;
				PRODUCT_NAME = "$(TARGET_NAME)";
				SWIFT_VERSION = 3.0;
			};
			name = Release;
		};
/* End XCBuildConfiguration section */

/* Begin XCConfigurationList section */
		5A8714481E2BF613005189DE /* Build configuration list for PBXProject "SpaceRace" */ = {
			isa = XCConfigurationList;
			buildConfigurations = (
				5A8714631E2BF613005189DE /* Debug */,
				5A8714641E2BF613005189DE /* Release */,
			);
			defaultConfigurationIsVisible = 0;
			defaultConfigurationName = Release;
		};
		5A8714651E2BF613005189DE /* Build configuration list for PBXNativeTarget "SpaceRace" */ = {
			isa = XCConfigurationList;
			buildConfigurations = (
				5A8714661E2BF613005189DE /* Debug */,
				5A8714671E2BF613005189DE /* Release */,
			);
			defaultConfigurationIsVisible = 0;
		};
/* End XCConfigurationList section */
	};
	rootObject = 5A8714451E2BF613005189DE /* Project object */;
}
